
Microsoft Visual Studio Solution File, Format Version 12.00
# Visual Studio Version 17
VisualStudioVersion = 17.10.35004.147
MinimumVisualStudioVersion = 10.0.40219.1
Project("{8BC9CEB8-8B4A-11D0-8D11-00A0C91BC942}") = "bai1_hello wrold", "bai1_hello wrold.vcxproj", "{C4F044D9-6F9C-4F85-972A-54378B0BB5B9}"
EndProject
Global
	GlobalSection(SolutionConfigurationPlatforms) = preSolution
		Debug|x64 = Debug|x64
		Debug|x86 = Debug|x86
		Release|x64 = Release|x64
		Release|x86 = Release|x86
	EndGlobalSection
	GlobalSection(ProjectConfigurationPlatforms) = postSolution
		{C4F044D9-6F9C-4F85-972A-54378B0BB5B9}.Debug|x64.ActiveCfg = Debug|x64
		{C4F044D9-6F9C-4F85-972A-54378B0BB5B9}.Debug|x64.Build.0 = Debug|x64
		{C4F044D9-6F9C-4F85-972A-54378B0BB5B9}.Debug|x86.ActiveCfg = Debug|Win32
		{C4F044D9-6F9C-4F85-972A-54378B0BB5B9}.Debug|x86.Build.0 = Debug|Win32
		{C4F044D9-6F9C-4F85-972A-54378B0BB5B9}.Release|x64.ActiveCfg = Release|x64
		{C4F044D9-6F9C-4F85-972A-54378B0BB5B9}.Release|x64.Build.0 = Release|x64
		{C4F044D9-6F9C-4F85-972A-54378B0BB5B9}.Release|x86.ActiveCfg = Release|Win32
		{C4F044D9-6F9C-4F85-972A-54378B0BB5B9}.Release|x86.Build.0 = Release|Win32
	EndGlobalSection
	GlobalSection(SolutionProperties) = preSolution
		HideSolutionNode = FALSE
	EndGlobalSection
	GlobalSection(ExtensibilityGlobals) = postSolution
		SolutionGuid = {C978E245-78F0-4BA1-989E-6AE294633FDA}
	EndGlobalSection
EndGlobal
